{
  "name": "parser",
  "lockfileVersion": 3,
  "requires": true,
  "packages": {
    "": {
      "dependencies": {
        "playwright": "^1.57.0",
        "redis": "^6.0.0"
      }
    },
    "node_modules/@redis/bloom": {
      "version": "6.0.0",
      "resolved": "https://registry.npmjs.org/@redis/bloom/-/bloom-6.0.0.tgz",
      "integrity": "sha512-P0n5NkV9IIdT6nYXOfMHG83sho8pE7Nay7yw27wOGVLv4DthgvzebpGz6m7VuMTizeJmw3LPw2Xek5wFUhGpVw==",
      "license": "MIT",
      "engines": {
        "node": ">= 20.0.0"
      },
      "peerDependencies": {
        "@redis/client": "^6.0.0"
      }
    },
    "node_modules/@redis/client": {
      "version": "6.0.0",
      "resolved": "https://registry.npmjs.org/@redis/client/-/client-6.0.0.tgz",
      "integrity": "sha512-NS4iIT25r24sAjNQ2nSRdCW5jPJoV0rxkBee27oTeR+RXaOu89cjIsrww5rPBaYVGVdL1QCx9uz9141gZiSKdQ==",
      "license": "MIT",
      "dependencies": {
        "cluster-key-slot": "1.1.2"
      },
      "engines": {
        "node": ">= 20.0.0"
      },
      "peerDependencies": {
        "@node-rs/xxhash": "^1.1.0",
        "@opentelemetry/api": ">=1 <2"
      },
      "peerDependenciesMeta": {
        "@node-rs/xxhash": {
          "optional": true
        },
        "@opentelemetry/api": {
          "optional": true
        }
      }
    },
    "node_modules/@redis/json": {
      "version": "6.0.0",
      "resolved": "https://registry.npmjs.org/@redis/json/-/json-6.0.0.tgz",
      "integrity": "sha512-F+eqFfgPcy57Zs1KW7UtLnBtRk6lxAUIoe7dyZerpm6e+ssYXG/dWJrbrHFYs0b7tt6QBtYpVuukBuM9XqhUAg==",
      "license": "MIT",
      "engines": {
        "node": ">= 20.0.0"
      },
      "peerDependencies": {
        "@redis/client": "^6.0.0"
      }
    },
    "node_modules/@redis/search": {
      "version": "6.0.0",
      "resolved": "https://registry.npmjs.org/@redis/search/-/search-6.0.0.tgz",
      "integrity": "sha512-VHuCJ2W0YWFixGZh/l//8JiyOsD4gN+NhjdRAGIoUe0UQ4mtq1NyY2ZJ973XT+vYhaU21XdK8r8oNrd5n7wbzQ==",
      "license": "MIT",
      "engines": {
        "node": ">= 20.0.0"
      },
      "peerDependencies": {
        "@redis/client": "^6.0.0"
      }
    },
    "node_modules/@redis/time-series": {
      "version": "6.0.0",
      "resolved": "https://registry.npmjs.org/@redis/time-series/-/time-series-6.0.0.tgz",
      "integrity": "sha512-QWhkYsg+3lhBrBf+cbzybtV8LQcSrk7iXIgTaGU+pHNFTkql7TpVRE24ROS6M2ybVIV6O/zxTqfxgxxYiqyw0Q==",
      "license": "MIT",
      "engines": {
        "node": ">= 20.0.0"
      },
      "peerDependencies": {
        "@redis/client": "^6.0.0"
      }
    },
    "node_modules/cluster-key-slot": {
      "version": "1.1.2",
      "resolved": "https://registry.npmjs.org/cluster-key-slot/-/cluster-key-slot-1.1.2.tgz",
      "integrity": "sha512-RMr0FhtfXemyinomL4hrWcYJxmX6deFdCxpJzhDttxgO1+bcCnkk+9drydLVDmAMG7NE6aN/fl4F7ucU/90gAA==",
      "license": "Apache-2.0",
      "engines": {
        "node": ">=0.10.0"
      }
    },
    "node_modules/fsevents": {
      "version": "2.3.2",
      "resolved": "https://registry.npmjs.org/fsevents/-/fsevents-2.3.2.tgz",
      "integrity": "sha512-xiqMQR4xAeHTuB9uWm+fFRcIOgKBMiOBP+eXiyT7jsgVCq1bkVygt00oASowB7EdtpOHaaPgKt812P9ab+DDKA==",
      "hasInstallScript": true,
      "license": "MIT",
      "optional": true,
      "os": [
        "darwin"
      ],
      "engines": {
        "node": "^8.16.0 || ^10.6.0 || >=11.0.0"
      }
    },
    "node_modules/playwright": {
      "version": "1.60.0",
      "resolved": "https://registry.npmjs.org/playwright/-/playwright-1.60.0.tgz",
      "integrity": "sha512-hheHdokM8cdqCb0lcE3s+zT4t4W+vvjpGxsZlDnikarzx8tSzMebh3UiFtgqwFwnTnjYQcsyMF8ei2mCO/tpeA==",
      "license": "Apache-2.0",
      "dependencies": {
        "playwright-core": "1.60.0"
      },
      "bin": {
        "playwright": "cli.js"
      },
      "engines": {
        "node": ">=18"
      },
      "optionalDependencies": {
        "fsevents": "2.3.2"
      }
    },
    "node_modules/playwright-core": {
      "version": "1.60.0",
      "resolved": "https://registry.npmjs.org/playwright-core/-/playwright-core-1.60.0.tgz",
      "integrity": "sha512-9bW6zvX/m0lEbgTKJ6YppOKx8H3VOPBMOCFh2irXFOT4BbHgrx5hPjwJYLT40Lu+4qtD36qKc/Hn56StUW57IA==",
      "license": "Apache-2.0",
      "bin": {
        "playwright-core": "cli.js"
      },
      "engines": {
        "node": ">=18"
      }
    },
    "node_modules/redis": {
      "version": "6.0.0",
      "resolved": "https://registry.npmjs.org/redis/-/redis-6.0.0.tgz",
      "integrity": "sha512-n9Thfc39OXleEoPT2k5gwKsqY+HfCww3YS71ofcr9KKbkn89bpjU9dToIlD+JRdM3/GYQkwMtVgTxLyed+LptQ==",
      "license": "MIT",
      "dependencies": {
        "@redis/bloom": "6.0.0",
        "@redis/client": "6.0.0",
        "@redis/json": "6.0.0",
        "@redis/search": "6.0.0",
        "@redis/time-series": "6.0.0"
      },
      "engines": {
        "node": ">= 20.0.0"
      }
    }
  }
}
